
Microsoft Visual Studio Solution File, Format Version 12.00
# Visual Studio 15
VisualStudioVersion = 15.0.27703.2035
MinimumVisualStudioVersion = 10.0.40219.1
Project("{FAE04EC0-301F-11D3-BF4B-00C04F79EFBC}") = "BInarySearchTree", "BInarySearchTree\BInarySearchTree.csproj", "{3FE3C93F-8D12-46C3-8B62-8B08CC50AFF6}"
EndProject
Global
	GlobalSection(SolutionConfigurationPlatforms) = preSolution
		Debug|Any CPU = Debug|Any CPU
		Release|Any CPU = Release|Any CPU
	EndGlobalSection
	GlobalSection(ProjectConfigurationPlatforms) = postSolution
		{3FE3C93F-8D12-46C3-8B62-8B08CC50AFF6}.Debug|Any CPU.ActiveCfg = Debug|Any CPU
		{3FE3C93F-8D12-46C3-8B62-8B08CC50AFF6}.Debug|Any CPU.Build.0 = Debug|Any CPU
		{3FE3C93F-8D12-46C3-8B62-8B08CC50AFF6}.Release|Any CPU.ActiveCfg = Release|Any CPU
		{3FE3C93F-8D12-46C3-8B62-8B08CC50AFF6}.Release|Any CPU.Build.0 = Release|Any CPU
	EndGlobalSection
	GlobalSection(SolutionProperties) = preSolution
		HideSolutionNode = FALSE
	EndGlobalSection
	GlobalSection(ExtensibilityGlobals) = postSolution
		SolutionGuid = {D951EDD3-8445-42AE-B367-CA28CD7FBFC1}
	EndGlobalSection
EndGlobal
